
Microsoft Visual Studio Solution File, Format Version 12.00
# Visual Studio Version 17
VisualStudioVersion = 17.0.31903.59
MinimumVisualStudioVersion = 10.0.40219.1
Project("{2150E333-8FDC-42A3-9474-1A3956D46DE8}") = "src", "src", "{827E0CD3-B72D-47B6-A68D-7590B98EB39B}"
EndProject
Project("{FAE04EC0-301F-11D3-BF4B-00C04F79EFBC}") = "ClaudePet", "src\ClaudePet\ClaudePet.csproj", "{F07171B9-C803-45AE-8398-E1219A5B4E5A}"
EndProject
Project("{FAE04EC0-301F-11D3-BF4B-00C04F79EFBC}") = "ClaudePet.Bridge", "src\ClaudePet.Bridge\ClaudePet.Bridge.csproj", "{F191C020-101A-4D11-967C-5BAF824FBE01}"
EndProject
Global
	GlobalSection(SolutionConfigurationPlatforms) = preSolution
		Debug|Any CPU = Debug|Any CPU
		Debug|x64 = Debug|x64
		Debug|x86 = Debug|x86
		Release|Any CPU = Release|Any CPU
		Release|x64 = Release|x64
		Release|x86 = Release|x86
	EndGlobalSection
	GlobalSection(ProjectConfigurationPlatforms) = postSolution
		{F07171B9-C803-45AE-8398-E1219A5B4E5A}.Debug|Any CPU.ActiveCfg = Debug|Any CPU
		{F07171B9-C803-45AE-8398-E1219A5B4E5A}.Debug|Any CPU.Build.0 = Debug|Any CPU
		{F07171B9-C803-45AE-8398-E1219A5B4E5A}.Debug|x64.ActiveCfg = Debug|Any CPU
		{F07171B9-C803-45AE-8398-E1219A5B4E5A}.Debug|x64.Build.0 = Debug|Any CPU
		{F07171B9-C803-45AE-8398-E1219A5B4E5A}.Debug|x86.ActiveCfg = Debug|Any CPU
		{F07171B9-C803-45AE-8398-E1219A5B4E5A}.Debug|x86.Build.0 = Debug|Any CPU
		{F07171B9-C803-45AE-8398-E1219A5B4E5A}.Release|Any CPU.ActiveCfg = Release|Any CPU
		{F07171B9-C803-45AE-8398-E1219A5B4E5A}.Release|Any CPU.Build.0 = Release|Any CPU
		{F07171B9-C803-45AE-8398-E1219A5B4E5A}.Release|x64.ActiveCfg = Release|Any CPU
		{F07171B9-C803-45AE-8398-E1219A5B4E5A}.Release|x64.Build.0 = Release|Any CPU
		{F07171B9-C803-45AE-8398-E1219A5B4E5A}.Release|x86.ActiveCfg = Release|Any CPU
		{F07171B9-C803-45AE-8398-E1219A5B4E5A}.Release|x86.Build.0 = Release|Any CPU
		{F191C020-101A-4D11-967C-5BAF824FBE01}.Debug|Any CPU.ActiveCfg = Debug|Any CPU
		{F191C020-101A-4D11-967C-5BAF824FBE01}.Debug|Any CPU.Build.0 = Debug|Any CPU
		{F191C020-101A-4D11-967C-5BAF824FBE01}.Debug|x64.ActiveCfg = Debug|Any CPU
		{F191C020-101A-4D11-967C-5BAF824FBE01}.Debug|x64.Build.0 = Debug|Any CPU
		{F191C020-101A-4D11-967C-5BAF824FBE01}.Debug|x86.ActiveCfg = Debug|Any CPU
		{F191C020-101A-4D11-967C-5BAF824FBE01}.Debug|x86.Build.0 = Debug|Any CPU
		{F191C020-101A-4D11-967C-5BAF824FBE01}.Release|Any CPU.ActiveCfg = Release|Any CPU
		{F191C020-101A-4D11-967C-5BAF824FBE01}.Release|Any CPU.Build.0 = Release|Any CPU
		{F191C020-101A-4D11-967C-5BAF824FBE01}.Release|x64.ActiveCfg = Release|Any CPU
		{F191C020-101A-4D11-967C-5BAF824FBE01}.Release|x64.Build.0 = Release|Any CPU
		{F191C020-101A-4D11-967C-5BAF824FBE01}.Release|x86.ActiveCfg = Release|Any CPU
		{F191C020-101A-4D11-967C-5BAF824FBE01}.Release|x86.Build.0 = Release|Any CPU
	EndGlobalSection
	GlobalSection(SolutionProperties) = preSolution
		HideSolutionNode = FALSE
	EndGlobalSection
	GlobalSection(NestedProjects) = preSolution
		{F07171B9-C803-45AE-8398-E1219A5B4E5A} = {827E0CD3-B72D-47B6-A68D-7590B98EB39B}
		{F191C020-101A-4D11-967C-5BAF824FBE01} = {827E0CD3-B72D-47B6-A68D-7590B98EB39B}
	EndGlobalSection
EndGlobal
